# THIS IS AN AUTOGENERATED FILE. DO NOT EDIT THIS FILE DIRECTLY.
# yarn lockfile v1


"@thumbmarkjs/thumbmarkjs@^0.19.1":
  version "0.19.1"
  resolved "https://registry.yarnpkg.com/@thumbmarkjs/thumbmarkjs/-/thumbmarkjs-0.19.1.tgz#4debfef308bfa360a6e6fdaaefb811b4a7524214"
  integrity sha512-HovgxR/UhMIdzUVSQBZXqVvc563VrkToKjVCM49/dDMA7XNBbsNGmSSyYVZFKVrgYB0yb6MlW92raUJbactp8A==
